
Microsoft Visual Studio Solution File, Format Version 12.00
# Visual Studio Version 16
VisualStudioVersion = 16.0.30709.132
MinimumVisualStudioVersion = 10.0.40219.1
Project("{FAE04EC0-301F-11D3-BF4B-00C04F79EFBC}") = "Caps1_Test_NetFramework", "Caps1_Test_NetFramework\Caps1_Test_NetFramework.csproj", "{31FF4DFB-C258-4E8E-8DD5-EFA28B30534A}"
EndProject
Global
	GlobalSection(SolutionConfigurationPlatforms) = preSolution
		Debug|Any CPU = Debug|Any CPU
		Debug|x64 = Debug|x64
		Release|Any CPU = Release|Any CPU
		Release|x64 = Release|x64
	EndGlobalSection
	GlobalSection(ProjectConfigurationPlatforms) = postSolution
		{31FF4DFB-C258-4E8E-8DD5-EFA28B30534A}.Debug|Any CPU.ActiveCfg = Debug|Any CPU
		{31FF4DFB-C258-4E8E-8DD5-EFA28B30534A}.Debug|Any CPU.Build.0 = Debug|Any CPU
		{31FF4DFB-C258-4E8E-8DD5-EFA28B30534A}.Debug|x64.ActiveCfg = Debug|x64
		{31FF4DFB-C258-4E8E-8DD5-EFA28B30534A}.Debug|x64.Build.0 = Debug|x64
		{31FF4DFB-C258-4E8E-8DD5-EFA28B30534A}.Release|Any CPU.ActiveCfg = Release|Any CPU
		{31FF4DFB-C258-4E8E-8DD5-EFA28B30534A}.Release|Any CPU.Build.0 = Release|Any CPU
		{31FF4DFB-C258-4E8E-8DD5-EFA28B30534A}.Release|x64.ActiveCfg = Release|x64
		{31FF4DFB-C258-4E8E-8DD5-EFA28B30534A}.Release|x64.Build.0 = Release|x64
	EndGlobalSection
	GlobalSection(SolutionProperties) = preSolution
		HideSolutionNode = FALSE
	EndGlobalSection
	GlobalSection(ExtensibilityGlobals) = postSolution
		SolutionGuid = {CED4C5E6-07B0-4D18-9AA9-BE51306B0F39}
	EndGlobalSection
EndGlobal
